
Microsoft Visual Studio Solution File, Format Version 12.00
# Visual Studio Version 16
VisualStudioVersion = 16.0.31624.102
MinimumVisualStudioVersion = 10.0.40219.1
Project("{FAE04EC0-301F-11D3-BF4B-00C04F79EFBC}") = "Generics", "Generics\Generics.csproj", "{E101568C-7B00-416E-B133-E0EBA992B612}"
EndProject
Global
	GlobalSection(SolutionConfigurationPlatforms) = preSolution
		Debug|Any CPU = Debug|Any CPU
		Release|Any CPU = Release|Any CPU
	EndGlobalSection
	GlobalSection(ProjectConfigurationPlatforms) = postSolution
		{E101568C-7B00-416E-B133-E0EBA992B612}.Debug|Any CPU.ActiveCfg = Debug|Any CPU
		{E101568C-7B00-416E-B133-E0EBA992B612}.Debug|Any CPU.Build.0 = Debug|Any CPU
		{E101568C-7B00-416E-B133-E0EBA992B612}.Release|Any CPU.ActiveCfg = Release|Any CPU
		{E101568C-7B00-416E-B133-E0EBA992B612}.Release|Any CPU.Build.0 = Release|Any CPU
	EndGlobalSection
	GlobalSection(SolutionProperties) = preSolution
		HideSolutionNode = FALSE
	EndGlobalSection
	GlobalSection(ExtensibilityGlobals) = postSolution
		SolutionGuid = {9396EBCA-4613-42F1-824F-1C2AB2222954}
	EndGlobalSection
EndGlobal
