
Microsoft Visual Studio Solution File, Format Version 12.00
# Visual Studio Version 16
VisualStudioVersion = 16.0.29519.87
MinimumVisualStudioVersion = 10.0.40219.1
Project("{9A19103F-16F7-4668-BE54-9A1E7A4F7556}") = "practice", "practice\practice.csproj", "{293BBDD0-222D-4CF0-9E40-A37DEF44032D}"
EndProject
Project("{9A19103F-16F7-4668-BE54-9A1E7A4F7556}") = "staticAndInstanceClass", "staticAndInstanceClass\staticAndInstanceClass.csproj", "{A20DB959-D0CB-4710-A1DA-C8EB27C1C724}"
EndProject
Project("{FAE04EC0-301F-11D3-BF4B-00C04F79EFBC}") = "Interface", "Interface\Interface.csproj", "{D154E644-B566-446A-8F5D-C75F1A9C7AB8}"
EndProject
Project("{FAE04EC0-301F-11D3-BF4B-00C04F79EFBC}") = "explicitInterface", "explicitInterface\explicitInterface.csproj", "{B817C5A4-EB7C-4932-8D82-C87CE293D4E2}"
EndProject
Project("{FAE04EC0-301F-11D3-BF4B-00C04F79EFBC}") = "abstractClass", "AbstractClass\abstractClass.csproj", "{7EE633FE-275A-49C1-8466-47D0884B77FD}"
EndProject
Project("{FAE04EC0-301F-11D3-BF4B-00C04F79EFBC}") = "differenceAbstractClassAndInterface", "differenceAbstractClassAndInterface\differenceAbstractClassAndInterface.csproj", "{880B89B7-4A6B-496C-A313-303B5BE64D5A}"
EndProject
Global
	GlobalSection(SolutionConfigurationPlatforms) = preSolution
		Debug|Any CPU = Debug|Any CPU
		Release|Any CPU = Release|Any CPU
	EndGlobalSection
	GlobalSection(ProjectConfigurationPlatforms) = postSolution
		{293BBDD0-222D-4CF0-9E40-A37DEF44032D}.Debug|Any CPU.ActiveCfg = Debug|Any CPU
		{293BBDD0-222D-4CF0-9E40-A37DEF44032D}.Debug|Any CPU.Build.0 = Debug|Any CPU
		{293BBDD0-222D-4CF0-9E40-A37DEF44032D}.Release|Any CPU.ActiveCfg = Release|Any CPU
		{293BBDD0-222D-4CF0-9E40-A37DEF44032D}.Release|Any CPU.Build.0 = Release|Any CPU
		{A20DB959-D0CB-4710-A1DA-C8EB27C1C724}.Debug|Any CPU.ActiveCfg = Debug|Any CPU
		{A20DB959-D0CB-4710-A1DA-C8EB27C1C724}.Debug|Any CPU.Build.0 = Debug|Any CPU
		{A20DB959-D0CB-4710-A1DA-C8EB27C1C724}.Release|Any CPU.ActiveCfg = Release|Any CPU
		{A20DB959-D0CB-4710-A1DA-C8EB27C1C724}.Release|Any CPU.Build.0 = Release|Any CPU
		{D154E644-B566-446A-8F5D-C75F1A9C7AB8}.Debug|Any CPU.ActiveCfg = Debug|Any CPU
		{D154E644-B566-446A-8F5D-C75F1A9C7AB8}.Debug|Any CPU.Build.0 = Debug|Any CPU
		{D154E644-B566-446A-8F5D-C75F1A9C7AB8}.Release|Any CPU.ActiveCfg = Release|Any CPU
		{D154E644-B566-446A-8F5D-C75F1A9C7AB8}.Release|Any CPU.Build.0 = Release|Any CPU
		{B817C5A4-EB7C-4932-8D82-C87CE293D4E2}.Debug|Any CPU.ActiveCfg = Debug|Any CPU
		{B817C5A4-EB7C-4932-8D82-C87CE293D4E2}.Debug|Any CPU.Build.0 = Debug|Any CPU
		{B817C5A4-EB7C-4932-8D82-C87CE293D4E2}.Release|Any CPU.ActiveCfg = Release|Any CPU
		{B817C5A4-EB7C-4932-8D82-C87CE293D4E2}.Release|Any CPU.Build.0 = Release|Any CPU
		{7EE633FE-275A-49C1-8466-47D0884B77FD}.Debug|Any CPU.ActiveCfg = Debug|Any CPU
		{7EE633FE-275A-49C1-8466-47D0884B77FD}.Debug|Any CPU.Build.0 = Debug|Any CPU
		{7EE633FE-275A-49C1-8466-47D0884B77FD}.Release|Any CPU.ActiveCfg = Release|Any CPU
		{7EE633FE-275A-49C1-8466-47D0884B77FD}.Release|Any CPU.Build.0 = Release|Any CPU
		{880B89B7-4A6B-496C-A313-303B5BE64D5A}.Debug|Any CPU.ActiveCfg = Debug|Any CPU
		{880B89B7-4A6B-496C-A313-303B5BE64D5A}.Debug|Any CPU.Build.0 = Debug|Any CPU
		{880B89B7-4A6B-496C-A313-303B5BE64D5A}.Release|Any CPU.ActiveCfg = Release|Any CPU
		{880B89B7-4A6B-496C-A313-303B5BE64D5A}.Release|Any CPU.Build.0 = Release|Any CPU
	EndGlobalSection
	GlobalSection(SolutionProperties) = preSolution
		HideSolutionNode = FALSE
	EndGlobalSection
	GlobalSection(ExtensibilityGlobals) = postSolution
		SolutionGuid = {28551954-53B2-4FC9-9977-A633B7955026}
	EndGlobalSection
EndGlobal
