
Microsoft Visual Studio Solution File, Format Version 12.00
# Visual Studio Version 16
VisualStudioVersion = 16.0.29519.87
MinimumVisualStudioVersion = 10.0.40219.1
Project("{FAE04EC0-301F-11D3-BF4B-00C04F79EFBC}") = "CommonOperators", "CommonOperators.csproj", "{35E3E0F1-5676-4746-A99E-CC84D3DCE2E0}"
EndProject
Global
	GlobalSection(SolutionConfigurationPlatforms) = preSolution
		Debug|Any CPU = Debug|Any CPU
		Release|Any CPU = Release|Any CPU
	EndGlobalSection
	GlobalSection(ProjectConfigurationPlatforms) = postSolution
		{35E3E0F1-5676-4746-A99E-CC84D3DCE2E0}.Debug|Any CPU.ActiveCfg = Debug|Any CPU
		{35E3E0F1-5676-4746-A99E-CC84D3DCE2E0}.Debug|Any CPU.Build.0 = Debug|Any CPU
		{35E3E0F1-5676-4746-A99E-CC84D3DCE2E0}.Release|Any CPU.ActiveCfg = Release|Any CPU
		{35E3E0F1-5676-4746-A99E-CC84D3DCE2E0}.Release|Any CPU.Build.0 = Release|Any CPU
	EndGlobalSection
	GlobalSection(SolutionProperties) = preSolution
		HideSolutionNode = FALSE
	EndGlobalSection
	GlobalSection(ExtensibilityGlobals) = postSolution
		SolutionGuid = {09821789-FCDC-46BF-914D-A9EE848B4F5E}
	EndGlobalSection
EndGlobal
